
Microsoft Visual Studio Solution File, Format Version 12.00
# Visual Studio Version 16
VisualStudioVersion = 16.0.30907.101
MinimumVisualStudioVersion = 10.0.40219.1
Project("{FAE04EC0-301F-11D3-BF4B-00C04F79EFBC}") = "backgroundManager", "backgroundManager.csproj", "{AF9312F4-1D1D-42CD-9051-1E2D73D80057}"
EndProject
Project("{FAE04EC0-301F-11D3-BF4B-00C04F79EFBC}") = "calenderDaemon", "..\calenderDaemon\calenderDaemon.csproj", "{C71E4386-F077-47B9-B2C6-A8016D614C63}"
EndProject
Global
	GlobalSection(SolutionConfigurationPlatforms) = preSolution
		Debug|Any CPU = Debug|Any CPU
		Release|Any CPU = Release|Any CPU
	EndGlobalSection
	GlobalSection(ProjectConfigurationPlatforms) = postSolution
		{AF9312F4-1D1D-42CD-9051-1E2D73D80057}.Debug|Any CPU.ActiveCfg = Debug|Any CPU
		{AF9312F4-1D1D-42CD-9051-1E2D73D80057}.Debug|Any CPU.Build.0 = Debug|Any CPU
		{AF9312F4-1D1D-42CD-9051-1E2D73D80057}.Release|Any CPU.ActiveCfg = Release|Any CPU
		{AF9312F4-1D1D-42CD-9051-1E2D73D80057}.Release|Any CPU.Build.0 = Release|Any CPU
		{C71E4386-F077-47B9-B2C6-A8016D614C63}.Debug|Any CPU.ActiveCfg = Debug|Any CPU
		{C71E4386-F077-47B9-B2C6-A8016D614C63}.Debug|Any CPU.Build.0 = Debug|Any CPU
		{C71E4386-F077-47B9-B2C6-A8016D614C63}.Release|Any CPU.ActiveCfg = Release|Any CPU
		{C71E4386-F077-47B9-B2C6-A8016D614C63}.Release|Any CPU.Build.0 = Release|Any CPU
	EndGlobalSection
	GlobalSection(SolutionProperties) = preSolution
		HideSolutionNode = FALSE
	EndGlobalSection
	GlobalSection(ExtensibilityGlobals) = postSolution
		SolutionGuid = {FDBEE7AA-9250-4A65-8483-87FE863DB85F}
	EndGlobalSection
EndGlobal
